
Microsoft Visual Studio Solution File, Format Version 12.00
# Visual Studio Version 17
VisualStudioVersion = 17.13.35806.99 d17.13
MinimumVisualStudioVersion = 10.0.40219.1
Project("{FAE04EC0-301F-11D3-BF4B-00C04F79EFBC}") = "EventProject", "EventProject\EventProject.csproj", "{993CDC11-191E-4A1E-A629-CC9D14E396EA}"
EndProject
Global
	GlobalSection(SolutionConfigurationPlatforms) = preSolution
		Debug|Any CPU = Debug|Any CPU
		Release|Any CPU = Release|Any CPU
	EndGlobalSection
	GlobalSection(ProjectConfigurationPlatforms) = postSolution
		{993CDC11-191E-4A1E-A629-CC9D14E396EA}.Debug|Any CPU.ActiveCfg = Debug|Any CPU
		{993CDC11-191E-4A1E-A629-CC9D14E396EA}.Debug|Any CPU.Build.0 = Debug|Any CPU
		{993CDC11-191E-4A1E-A629-CC9D14E396EA}.Release|Any CPU.ActiveCfg = Release|Any CPU
		{993CDC11-191E-4A1E-A629-CC9D14E396EA}.Release|Any CPU.Build.0 = Release|Any CPU
	EndGlobalSection
	GlobalSection(SolutionProperties) = preSolution
		HideSolutionNode = FALSE
	EndGlobalSection
	GlobalSection(ExtensibilityGlobals) = postSolution
		SolutionGuid = {3E8CAD8A-22A0-43DC-80DD-16E30D36E8F7}
	EndGlobalSection
EndGlobal
